{
  "name": "primeiroprojetots",
  "version": "1.0.0",
  "lockfileVersion": 2,
  "requires": true,
  "packages": {
    "": {
      "name": "primeiroprojetots",
      "version": "1.0.0",
      "license": "ISC",
      "dependencies": {
        "luxon": "^3.0.1"
      },
      "devDependencies": {
        "@types/node": "^18.7.6"
      }
    },
    "node_modules/@types/node": {
      "version": "18.7.6",
      "resolved": "https://registry.npmjs.org/@types/node/-/node-18.7.6.tgz",
      "integrity": "sha512-EdxgKRXgYsNITy5mjjXjVE/CS8YENSdhiagGrLqjG0pvA2owgJ6i4l7wy/PFZGC0B1/H20lWKN7ONVDNYDZm7A==",
      "dev": true
    },
    "node_modules/luxon": {
      "version": "3.0.1",
      "resolved": "https://registry.npmjs.org/luxon/-/luxon-3.0.1.tgz",
      "integrity": "sha512-hF3kv0e5gwHQZKz4wtm4c+inDtyc7elkanAsBq+fundaCdUBNJB1dHEGUZIM6SfSBUlbVFduPwEtNjFK8wLtcw==",
      "engines": {
        "node": ">=12"
      }
    }
  },
  "dependencies": {
    "@types/node": {
      "version": "18.7.6",
      "resolved": "https://registry.npmjs.org/@types/node/-/node-18.7.6.tgz",
      "integrity": "sha512-EdxgKRXgYsNITy5mjjXjVE/CS8YENSdhiagGrLqjG0pvA2owgJ6i4l7wy/PFZGC0B1/H20lWKN7ONVDNYDZm7A==",
      "dev": true
    },
    "luxon": {
      "version": "3.0.1",
      "resolved": "https://registry.npmjs.org/luxon/-/luxon-3.0.1.tgz",
      "integrity": "sha512-hF3kv0e5gwHQZKz4wtm4c+inDtyc7elkanAsBq+fundaCdUBNJB1dHEGUZIM6SfSBUlbVFduPwEtNjFK8wLtcw=="
    }
  }
}
